
Microsoft Visual Studio Solution File, Format Version 12.00
# Visual Studio Version 17
VisualStudioVersion = 17.9.34728.123
MinimumVisualStudioVersion = 10.0.40219.1
Project("{FAE04EC0-301F-11D3-BF4B-00C04F79EFBC}") = "Lab7Bai1", "Lab7Bai1\Lab7Bai1.csproj", "{10C66271-6798-45C6-888E-B9785D2E49C9}"
EndProject
Global
	GlobalSection(SolutionConfigurationPlatforms) = preSolution
		Debug|Any CPU = Debug|Any CPU
		Release|Any CPU = Release|Any CPU
	EndGlobalSection
	GlobalSection(ProjectConfigurationPlatforms) = postSolution
		{10C66271-6798-45C6-888E-B9785D2E49C9}.Debug|Any CPU.ActiveCfg = Debug|Any CPU
		{10C66271-6798-45C6-888E-B9785D2E49C9}.Debug|Any CPU.Build.0 = Debug|Any CPU
		{10C66271-6798-45C6-888E-B9785D2E49C9}.Release|Any CPU.ActiveCfg = Release|Any CPU
		{10C66271-6798-45C6-888E-B9785D2E49C9}.Release|Any CPU.Build.0 = Release|Any CPU
	EndGlobalSection
	GlobalSection(SolutionProperties) = preSolution
		HideSolutionNode = FALSE
	EndGlobalSection
	GlobalSection(ExtensibilityGlobals) = postSolution
		SolutionGuid = {06BCE079-3E72-4698-938B-AE8169860265}
	EndGlobalSection
EndGlobal
